// !$*UTF8*$!
{
	archiveVersion = 1;
	classes = {
	};
	objectVersion = 56;
	objects = {

/* Begin PBXBuildFile section */
		AA0000000000000000000060 /* ClimateClosetApp.swift in Sources */ = {isa = PBXBuildFile; fileRef = AA0000000000000000000002 /* ClimateClosetApp.swift */; };
		AA0000000000000000000061 /* Models.swift in Sources */ = {isa = PBXBuildFile; fileRef = AA0000000000000000000003 /* Models.swift */; };
		AA0000000000000000000062 /* Repositories.swift in Sources */ = {isa = PBXBuildFile; fileRef = AA0000000000000000000004 /* Repositories.swift */; };
		AA0000000000000000000063 /* OutfitPlanner.swift in Sources */ = {isa = PBXBuildFile; fileRef = AA0000000000000000000005 /* OutfitPlanner.swift */; };
		AA0000000000000000000064 /* WeatherClient.swift in Sources */ = {isa = PBXBuildFile; fileRef = AA0000000000000000000006 /* WeatherClient.swift */; };
		AA0000000000000000000065 /* CatalogImport.swift in Sources */ = {isa = PBXBuildFile; fileRef = AA0000000000000000000007 /* CatalogImport.swift */; };
		AA0000000000000000000066 /* AppModel.swift in Sources */ = {isa = PBXBuildFile; fileRef = AA0000000000000000000008 /* AppModel.swift */; };
		AA0000000000000000000067 /* SharedViews.swift in Sources */ = {isa = PBXBuildFile; fileRef = AA0000000000000000000009 /* SharedViews.swift */; };
		AA0000000000000000000068 /* ContentView.swift in Sources */ = {isa = PBXBuildFile; fileRef = AA000000000000000000000A /* ContentView.swift */; };
		AA0000000000000000000069 /* WeatherDashboardView.swift in Sources */ = {isa = PBXBuildFile; fileRef = AA000000000000000000000B /* WeatherDashboardView.swift */; };
		AA000000000000000000006A /* WardrobeView.swift in Sources */ = {isa = PBXBuildFile; fileRef = AA000000000000000000000C /* WardrobeView.swift */; };
		AA000000000000000000006B /* ScheduleView.swift in Sources */ = {isa = PBXBuildFile; fileRef = AA000000000000000000000D /* ScheduleView.swift */; };
		AA000000000000000000006C /* ImportCatalogView.swift in Sources */ = {isa = PBXBuildFile; fileRef = AA000000000000000000000E /* ImportCatalogView.swift */; };
		AA000000000000000000006D /* TestSupport.swift in Sources */ = {isa = PBXBuildFile; fileRef = AA0000000000000000000010 /* TestSupport.swift */; };
		AA000000000000000000006E /* OutfitPlannerTests.swift in Sources */ = {isa = PBXBuildFile; fileRef = AA0000000000000000000011 /* OutfitPlannerTests.swift */; };
		AA000000000000000000006F /* HTMLCatalogParserTests.swift in Sources */ = {isa = PBXBuildFile; fileRef = AA0000000000000000000012 /* HTMLCatalogParserTests.swift */; };
		AA0000000000000000000070 /* OpenMeteoWeatherClientTests.swift in Sources */ = {isa = PBXBuildFile; fileRef = AA0000000000000000000013 /* OpenMeteoWeatherClientTests.swift */; };
		AA0000000000000000000071 /* JSONWardrobeRepositoryIntegrationTests.swift in Sources */ = {isa = PBXBuildFile; fileRef = AA0000000000000000000015 /* JSONWardrobeRepositoryIntegrationTests.swift */; };
		AA0000000000000000000072 /* XCTest.framework in Frameworks */ = {isa = PBXBuildFile; fileRef = AA0000000000000000000016 /* XCTest.framework */; };
		AA0000000000000000000073 /* XCTest.framework in Frameworks */ = {isa = PBXBuildFile; fileRef = AA0000000000000000000016 /* XCTest.framework */; };
/* End PBXBuildFile section */

/* Begin PBXContainerItemProxy section */
		AA0000000000000000000080 /* PBXContainerItemProxy */ = {
			isa = PBXContainerItemProxy;
			containerPortal = AA0000000000000000000090 /* Project object */;
			proxyType = 1;
			remoteGlobalIDString = AA0000000000000000000030;
			remoteInfo = ClimateCloset;
		};
		AA0000000000000000000081 /* PBXContainerItemProxy */ = {
			isa = PBXContainerItemProxy;
			containerPortal = AA0000000000000000000090 /* Project object */;
			proxyType = 1;
			remoteGlobalIDString = AA0000000000000000000030;
			remoteInfo = ClimateCloset;
		};
/* End PBXContainerItemProxy section */

/* Begin PBXFileReference section */
		AA0000000000000000000001 /* ClimateCloset.app */ = {isa = PBXFileReference; explicitFileType = wrapper.application; includeInIndex = 0; path = ClimateCloset.app; sourceTree = BUILT_PRODUCTS_DIR; };
		AA0000000000000000000002 /* ClimateClosetApp.swift */ = {isa = PBXFileReference; lastKnownFileType = sourcecode.swift; path = ClimateClosetApp.swift; sourceTree = "<group>"; };
		AA0000000000000000000003 /* Models.swift */ = {isa = PBXFileReference; lastKnownFileType = sourcecode.swift; path = Models.swift; sourceTree = "<group>"; };
		AA0000000000000000000004 /* Repositories.swift */ = {isa = PBXFileReference; lastKnownFileType = sourcecode.swift; path = Repositories.swift; sourceTree = "<group>"; };
		AA0000000000000000000005 /* OutfitPlanner.swift */ = {isa = PBXFileReference; lastKnownFileType = sourcecode.swift; path = OutfitPlanner.swift; sourceTree = "<group>"; };
		AA0000000000000000000006 /* WeatherClient.swift */ = {isa = PBXFileReference; lastKnownFileType = sourcecode.swift; path = WeatherClient.swift; sourceTree = "<group>"; };
		AA0000000000000000000007 /* CatalogImport.swift */ = {isa = PBXFileReference; lastKnownFileType = sourcecode.swift; path = CatalogImport.swift; sourceTree = "<group>"; };
		AA0000000000000000000008 /* AppModel.swift */ = {isa = PBXFileReference; lastKnownFileType = sourcecode.swift; path = AppModel.swift; sourceTree = "<group>"; };
		AA0000000000000000000009 /* SharedViews.swift */ = {isa = PBXFileReference; lastKnownFileType = sourcecode.swift; path = SharedViews.swift; sourceTree = "<group>"; };
		AA000000000000000000000A /* ContentView.swift */ = {isa = PBXFileReference; lastKnownFileType = sourcecode.swift; path = ContentView.swift; sourceTree = "<group>"; };
		AA000000000000000000000B /* WeatherDashboardView.swift */ = {isa = PBXFileReference; lastKnownFileType = sourcecode.swift; path = WeatherDashboardView.swift; sourceTree = "<group>"; };
		AA000000000000000000000C /* WardrobeView.swift */ = {isa = PBXFileReference; lastKnownFileType = sourcecode.swift; path = WardrobeView.swift; sourceTree = "<group>"; };
		AA000000000000000000000D /* ScheduleView.swift */ = {isa = PBXFileReference; lastKnownFileType = sourcecode.swift; path = ScheduleView.swift; sourceTree = "<group>"; };
		AA000000000000000000000E /* ImportCatalogView.swift */ = {isa = PBXFileReference; lastKnownFileType = sourcecode.swift; path = ImportCatalogView.swift; sourceTree = "<group>"; };
		AA000000000000000000000F /* ClimateClosetTests.xctest */ = {isa = PBXFileReference; explicitFileType = wrapper.cfbundle; includeInIndex = 0; path = ClimateClosetTests.xctest; sourceTree = BUILT_PRODUCTS_DIR; };
		AA0000000000000000000010 /* TestSupport.swift */ = {isa = PBXFileReference; lastKnownFileType = sourcecode.swift; path = TestSupport.swift; sourceTree = "<group>"; };
		AA0000000000000000000011 /* OutfitPlannerTests.swift */ = {isa = PBXFileReference; lastKnownFileType = sourcecode.swift; path = OutfitPlannerTests.swift; sourceTree = "<group>"; };
		AA0000000000000000000012 /* HTMLCatalogParserTests.swift */ = {isa = PBXFileReference; lastKnownFileType = sourcecode.swift; path = HTMLCatalogParserTests.swift; sourceTree = "<group>"; };
		AA0000000000000000000013 /* OpenMeteoWeatherClientTests.swift */ = {isa = PBXFileReference; lastKnownFileType = sourcecode.swift; path = OpenMeteoWeatherClientTests.swift; sourceTree = "<group>"; };
		AA0000000000000000000014 /* ClimateClosetIntegrationTests.xctest */ = {isa = PBXFileReference; explicitFileType = wrapper.cfbundle; includeInIndex = 0; path = ClimateClosetIntegrationTests.xctest; sourceTree = BUILT_PRODUCTS_DIR; };
		AA0000000000000000000015 /* JSONWardrobeRepositoryIntegrationTests.swift */ = {isa = PBXFileReference; lastKnownFileType = sourcecode.swift; path = JSONWardrobeRepositoryIntegrationTests.swift; sourceTree = "<group>"; };
		AA0000000000000000000016 /* XCTest.framework */ = {isa = PBXFileReference; lastKnownFileType = wrapper.framework; name = XCTest.framework; path = Platforms/iPhoneOS.platform/Developer/Library/Frameworks/XCTest.framework; sourceTree = DEVELOPER_DIR; };
/* End PBXFileReference section */

/* Begin PBXFrameworksBuildPhase section */
		AA0000000000000000000041 /* Frameworks */ = {
			isa = PBXFrameworksBuildPhase;
			buildActionMask = 2147483647;
			files = (
			);
			runOnlyForDeploymentPostprocessing = 0;
		};
		AA0000000000000000000044 /* Frameworks */ = {
			isa = PBXFrameworksBuildPhase;
			buildActionMask = 2147483647;
			files = (
				AA0000000000000000000072 /* XCTest.framework in Frameworks */,
			);
			runOnlyForDeploymentPostprocessing = 0;
		};
		AA0000000000000000000047 /* Frameworks */ = {
			isa = PBXFrameworksBuildPhase;
			buildActionMask = 2147483647;
			files = (
				AA0000000000000000000073 /* XCTest.framework in Frameworks */,
			);
			runOnlyForDeploymentPostprocessing = 0;
		};
/* End PBXFrameworksBuildPhase section */

/* Begin PBXGroup section */
		AA0000000000000000000020 = {
			isa = PBXGroup;
			children = (
				AA0000000000000000000021 /* ClimateCloset */,
				AA0000000000000000000022 /* ClimateClosetTests */,
				AA0000000000000000000023 /* ClimateClosetIntegrationTests */,
				AA0000000000000000000024 /* Products */,
				AA0000000000000000000025 /* Frameworks */,
			);
			sourceTree = "<group>";
		};
		AA0000000000000000000021 /* ClimateCloset */ = {
			isa = PBXGroup;
			children = (
				AA0000000000000000000002 /* ClimateClosetApp.swift */,
				AA0000000000000000000003 /* Models.swift */,
				AA0000000000000000000004 /* Repositories.swift */,
				AA0000000000000000000005 /* OutfitPlanner.swift */,
				AA0000000000000000000006 /* WeatherClient.swift */,
				AA0000000000000000000007 /* CatalogImport.swift */,
				AA0000000000000000000008 /* AppModel.swift */,
				AA0000000000000000000009 /* SharedViews.swift */,
				AA000000000000000000000A /* ContentView.swift */,
				AA000000000000000000000B /* WeatherDashboardView.swift */,
				AA000000000000000000000C /* WardrobeView.swift */,
				AA000000000000000000000D /* ScheduleView.swift */,
				AA000000000000000000000E /* ImportCatalogView.swift */,
			);
			path = ClimateCloset;
			sourceTree = "<group>";
		};
		AA0000000000000000000022 /* ClimateClosetTests */ = {
			isa = PBXGroup;
			children = (
				AA0000000000000000000010 /* TestSupport.swift */,
				AA0000000000000000000011 /* OutfitPlannerTests.swift */,
				AA0000000000000000000012 /* HTMLCatalogParserTests.swift */,
				AA0000000000000000000013 /* OpenMeteoWeatherClientTests.swift */,
			);
			path = ClimateClosetTests;
			sourceTree = "<group>";
		};
		AA0000000000000000000023 /* ClimateClosetIntegrationTests */ = {
			isa = PBXGroup;
			children = (
				AA0000000000000000000015 /* JSONWardrobeRepositoryIntegrationTests.swift */,
			);
			path = ClimateClosetIntegrationTests;
			sourceTree = "<group>";
		};
		AA0000000000000000000024 /* Products */ = {
			isa = PBXGroup;
			children = (
				AA0000000000000000000001 /* ClimateCloset.app */,
				AA000000000000000000000F /* ClimateClosetTests.xctest */,
				AA0000000000000000000014 /* ClimateClosetIntegrationTests.xctest */,
			);
			name = Products;
			sourceTree = "<group>";
		};
		AA0000000000000000000025 /* Frameworks */ = {
			isa = PBXGroup;
			children = (
				AA0000000000000000000016 /* XCTest.framework */,
			);
			name = Frameworks;
			sourceTree = "<group>";
		};
/* End PBXGroup section */

/* Begin PBXNativeTarget section */
		AA0000000000000000000030 /* ClimateCloset */ = {
			isa = PBXNativeTarget;
			buildConfigurationList = AA00000000000000000000A1 /* Build configuration list for PBXNativeTarget "ClimateCloset" */;
			buildPhases = (
				AA0000000000000000000040 /* Sources */,
				AA0000000000000000000041 /* Frameworks */,
				AA0000000000000000000042 /* Resources */,
			);
			buildRules = (
			);
			dependencies = (
			);
			name = ClimateCloset;
			productName = ClimateCloset;
			productReference = AA0000000000000000000001 /* ClimateCloset.app */;
			productType = "com.apple.product-type.application";
		};
		AA0000000000000000000031 /* ClimateClosetTests */ = {
			isa = PBXNativeTarget;
			buildConfigurationList = AA00000000000000000000A2 /* Build configuration list for PBXNativeTarget "ClimateClosetTests" */;
			buildPhases = (
				AA0000000000000000000043 /* Sources */,
				AA0000000000000000000044 /* Frameworks */,
				AA0000000000000000000045 /* Resources */,
			);
			buildRules = (
			);
			dependencies = (
				AA0000000000000000000082 /* PBXTargetDependency */,
			);
			name = ClimateClosetTests;
			productName = ClimateClosetTests;
			productReference = AA000000000000000000000F /* ClimateClosetTests.xctest */;
			productType = "com.apple.product-type.bundle.unit-test";
		};
		AA0000000000000000000032 /* ClimateClosetIntegrationTests */ = {
			isa = PBXNativeTarget;
			buildConfigurationList = AA00000000000000000000A3 /* Build configuration list for PBXNativeTarget "ClimateClosetIntegrationTests" */;
			buildPhases = (
				AA0000000000000000000046 /* Sources */,
				AA0000000000000000000047 /* Frameworks */,
				AA0000000000000000000048 /* Resources */,
			);
			buildRules = (
			);
			dependencies = (
				AA0000000000000000000083 /* PBXTargetDependency */,
			);
			name = ClimateClosetIntegrationTests;
			productName = ClimateClosetIntegrationTests;
			productReference = AA0000000000000000000014 /* ClimateClosetIntegrationTests.xctest */;
			productType = "com.apple.product-type.bundle.unit-test";
		};
/* End PBXNativeTarget section */

/* Begin PBXProject section */
		AA0000000000000000000090 /* Project object */ = {
			isa = PBXProject;
			attributes = {
				BuildIndependentTargetsInParallel = 1;
				LastUpgradeCheck = 2600;
				TargetAttributes = {
					AA0000000000000000000030 = {
						CreatedOnToolsVersion = 26.3;
					};
					AA0000000000000000000031 = {
						CreatedOnToolsVersion = 26.3;
						TestTargetID = AA0000000000000000000030;
					};
					AA0000000000000000000032 = {
						CreatedOnToolsVersion = 26.3;
						TestTargetID = AA0000000000000000000030;
					};
				};
			};
			buildConfigurationList = AA00000000000000000000A0 /* Build configuration list for PBXProject "ClimateCloset" */;
			compatibilityVersion = "Xcode 14.0";
			developmentRegion = en;
			hasScannedForEncodings = 0;
			knownRegions = (
				en,
				Base,
			);
			mainGroup = AA0000000000000000000020;
			productRefGroup = AA0000000000000000000024 /* Products */;
			projectDirPath = "";
			projectRoot = "";
			targets = (
				AA0000000000000000000030 /* ClimateCloset */,
				AA0000000000000000000031 /* ClimateClosetTests */,
				AA0000000000000000000032 /* ClimateClosetIntegrationTests */,
			);
		};
/* End PBXProject section */

/* Begin PBXResourcesBuildPhase section */
		AA0000000000000000000042 /* Resources */ = {
			isa = PBXResourcesBuildPhase;
			buildActionMask = 2147483647;
			files = (
			);
			runOnlyForDeploymentPostprocessing = 0;
		};
		AA0000000000000000000045 /* Resources */ = {
			isa = PBXResourcesBuildPhase;
			buildActionMask = 2147483647;
			files = (
			);
			runOnlyForDeploymentPostprocessing = 0;
		};
		AA0000000000000000000048 /* Resources */ = {
			isa = PBXResourcesBuildPhase;
			buildActionMask = 2147483647;
			files = (
			);
			runOnlyForDeploymentPostprocessing = 0;
		};
/* End PBXResourcesBuildPhase section */

/* Begin PBXSourcesBuildPhase section */
		AA0000000000000000000040 /* Sources */ = {
			isa = PBXSourcesBuildPhase;
			buildActionMask = 2147483647;
			files = (
				AA0000000000000000000060 /* ClimateClosetApp.swift in Sources */,
				AA0000000000000000000066 /* AppModel.swift in Sources */,
				AA0000000000000000000065 /* CatalogImport.swift in Sources */,
				AA0000000000000000000068 /* ContentView.swift in Sources */,
				AA000000000000000000006C /* ImportCatalogView.swift in Sources */,
				AA0000000000000000000061 /* Models.swift in Sources */,
				AA0000000000000000000063 /* OutfitPlanner.swift in Sources */,
				AA0000000000000000000062 /* Repositories.swift in Sources */,
				AA000000000000000000006B /* ScheduleView.swift in Sources */,
				AA0000000000000000000067 /* SharedViews.swift in Sources */,
				AA000000000000000000006A /* WardrobeView.swift in Sources */,
				AA0000000000000000000069 /* WeatherDashboardView.swift in Sources */,
				AA0000000000000000000064 /* WeatherClient.swift in Sources */,
			);
			runOnlyForDeploymentPostprocessing = 0;
		};
		AA0000000000000000000043 /* Sources */ = {
			isa = PBXSourcesBuildPhase;
			buildActionMask = 2147483647;
			files = (
				AA000000000000000000006F /* HTMLCatalogParserTests.swift in Sources */,
				AA0000000000000000000070 /* OpenMeteoWeatherClientTests.swift in Sources */,
				AA000000000000000000006E /* OutfitPlannerTests.swift in Sources */,
				AA000000000000000000006D /* TestSupport.swift in Sources */,
			);
			runOnlyForDeploymentPostprocessing = 0;
		};
		AA0000000000000000000046 /* Sources */ = {
			isa = PBXSourcesBuildPhase;
			buildActionMask = 2147483647;
			files = (
				AA0000000000000000000071 /* JSONWardrobeRepositoryIntegrationTests.swift in Sources */,
			);
			runOnlyForDeploymentPostprocessing = 0;
		};
/* End PBXSourcesBuildPhase section */

/* Begin PBXTargetDependency section */
		AA0000000000000000000082 /* PBXTargetDependency */ = {
			isa = PBXTargetDependency;
			target = AA0000000000000000000030 /* ClimateCloset */;
			targetProxy = AA0000000000000000000080 /* PBXContainerItemProxy */;
		};
		AA0000000000000000000083 /* PBXTargetDependency */ = {
			isa = PBXTargetDependency;
			target = AA0000000000000000000030 /* ClimateCloset */;
			targetProxy = AA0000000000000000000081 /* PBXContainerItemProxy */;
		};
/* End PBXTargetDependency section */

/* Begin XCBuildConfiguration section */
		AA00000000000000000000B0 /* Debug */ = {
			isa = XCBuildConfiguration;
			buildSettings = {
				ALWAYS_SEARCH_USER_PATHS = NO;
				CLANG_ANALYZER_NONNULL = YES;
				CLANG_ANALYZER_NUMBER_OBJECT_CONVERSION = YES_AGGRESSIVE;
				CLANG_ENABLE_MODULES = YES;
				CLANG_ENABLE_OBJC_ARC = YES;
				CLANG_WARN_BLOCK_CAPTURE_AUTORELEASING = YES;
				CLANG_WARN_BOOL_CONVERSION = YES;
				CLANG_WARN_COMMA = YES;
				CLANG_WARN_CONSTANT_CONVERSION = YES;
				CLANG_WARN_DOCUMENTATION_COMMENTS = YES;
				CLANG_WARN_EMPTY_BODY = YES;
				CLANG_WARN_ENUM_CONVERSION = YES;
				CLANG_WARN_INFINITE_RECURSION = YES;
				CLANG_WARN_INT_CONVERSION = YES;
				CLANG_WARN_NON_LITERAL_NULL_CONVERSION = YES;
				CLANG_WARN_OBJC_IMPLICIT_RETAIN_SELF = YES;
				CLANG_WARN_OBJC_LITERAL_CONVERSION = YES;
				CLANG_WARN_QUOTED_INCLUDE_IN_FRAMEWORK_HEADER = YES;
				CLANG_WARN_RANGE_LOOP_ANALYSIS = YES;
				CLANG_WARN_STRICT_PROTOTYPES = YES;
				CLANG_WARN_SUSPICIOUS_MOVE = YES;
				CLANG_WARN_UNGUARDED_AVAILABILITY = YES_AGGRESSIVE;
				CLANG_WARN_UNREACHABLE_CODE = YES;
				COPY_PHASE_STRIP = NO;
				DEBUG_INFORMATION_FORMAT = dwarf;
				ENABLE_STRICT_OBJC_MSGSEND = YES;
				ENABLE_TESTABILITY = YES;
				GCC_NO_COMMON_BLOCKS = YES;
				GCC_OPTIMIZATION_LEVEL = 0;
				GCC_PREPROCESSOR_DEFINITIONS = (
					"DEBUG=1",
					"$(inherited)",
				);
				GCC_WARN_64_TO_32_BIT_CONVERSION = YES;
				GCC_WARN_ABOUT_RETURN_TYPE = YES_ERROR;
				GCC_WARN_UNDECLARED_SELECTOR = YES;
				GCC_WARN_UNUSED_FUNCTION = YES;
				GCC_WARN_UNUSED_VARIABLE = YES;
				IPHONEOS_DEPLOYMENT_TARGET = 17.0;
				ONLY_ACTIVE_ARCH = YES;
				SDKROOT = iphoneos;
				SWIFT_ACTIVE_COMPILATION_CONDITIONS = DEBUG;
				SWIFT_OPTIMIZATION_LEVEL = "-Onone";
			};
			name = Debug;
		};
		AA00000000000000000000B1 /* Release */ = {
			isa = XCBuildConfiguration;
			buildSettings = {
				ALWAYS_SEARCH_USER_PATHS = NO;
				CLANG_ANALYZER_NONNULL = YES;
				CLANG_ANALYZER_NUMBER_OBJECT_CONVERSION = YES_AGGRESSIVE;
				CLANG_ENABLE_MODULES = YES;
				CLANG_ENABLE_OBJC_ARC = YES;
				CLANG_WARN_BLOCK_CAPTURE_AUTORELEASING = YES;
				CLANG_WARN_BOOL_CONVERSION = YES;
				CLANG_WARN_COMMA = YES;
				CLANG_WARN_CONSTANT_CONVERSION = YES;
				CLANG_WARN_DOCUMENTATION_COMMENTS = YES;
				CLANG_WARN_EMPTY_BODY = YES;
				CLANG_WARN_ENUM_CONVERSION = YES;
				CLANG_WARN_INFINITE_RECURSION = YES;
				CLANG_WARN_INT_CONVERSION = YES;
				CLANG_WARN_NON_LITERAL_NULL_CONVERSION = YES;
				CLANG_WARN_OBJC_IMPLICIT_RETAIN_SELF = YES;
				CLANG_WARN_OBJC_LITERAL_CONVERSION = YES;
				CLANG_WARN_QUOTED_INCLUDE_IN_FRAMEWORK_HEADER = YES;
				CLANG_WARN_RANGE_LOOP_ANALYSIS = YES;
				CLANG_WARN_STRICT_PROTOTYPES = YES;
				CLANG_WARN_SUSPICIOUS_MOVE = YES;
				CLANG_WARN_UNGUARDED_AVAILABILITY = YES_AGGRESSIVE;
				CLANG_WARN_UNREACHABLE_CODE = YES;
				COPY_PHASE_STRIP = NO;
				DEBUG_INFORMATION_FORMAT = "dwarf-with-dsym";
				ENABLE_NS_ASSERTIONS = NO;
				ENABLE_STRICT_OBJC_MSGSEND = YES;
				GCC_NO_COMMON_BLOCKS = YES;
				GCC_WARN_64_TO_32_BIT_CONVERSION = YES;
				GCC_WARN_ABOUT_RETURN_TYPE = YES_ERROR;
				GCC_WARN_UNDECLARED_SELECTOR = YES;
				GCC_WARN_UNUSED_FUNCTION = YES;
				GCC_WARN_UNUSED_VARIABLE = YES;
				IPHONEOS_DEPLOYMENT_TARGET = 17.0;
				SDKROOT = iphoneos;
				SWIFT_COMPILATION_MODE = wholemodule;
				SWIFT_OPTIMIZATION_LEVEL = "-O";
			};
			name = Release;
		};
		AA00000000000000000000B2 /* Debug */ = {
			isa = XCBuildConfiguration;
			buildSettings = {
				CODE_SIGN_STYLE = Automatic;
				DEVELOPMENT_TEAM = "";
				GENERATE_INFOPLIST_FILE = YES;
				INFOPLIST_KEY_CFBundleDisplayName = "Climate Closet";
				INFOPLIST_KEY_UILaunchScreen_Generation = YES;
				LD_RUNPATH_SEARCH_PATHS = "$(inherited) @executable_path/Frameworks";
				PRODUCT_BUNDLE_IDENTIFIER = com.raelldottin.ClimateCloset;
				PRODUCT_NAME = "$(TARGET_NAME)";
				SDKROOT = iphoneos;
				SUPPORTED_PLATFORMS = "iphoneos iphonesimulator";
				SWIFT_EMIT_LOC_STRINGS = YES;
				SWIFT_VERSION = 6.0;
				TARGETED_DEVICE_FAMILY = "1,2";
			};
			name = Debug;
		};
		AA00000000000000000000B3 /* Release */ = {
			isa = XCBuildConfiguration;
			buildSettings = {
				CODE_SIGN_STYLE = Automatic;
				DEVELOPMENT_TEAM = "";
				GENERATE_INFOPLIST_FILE = YES;
				INFOPLIST_KEY_CFBundleDisplayName = "Climate Closet";
				INFOPLIST_KEY_UILaunchScreen_Generation = YES;
				LD_RUNPATH_SEARCH_PATHS = "$(inherited) @executable_path/Frameworks";
				PRODUCT_BUNDLE_IDENTIFIER = com.raelldottin.ClimateCloset;
				PRODUCT_NAME = "$(TARGET_NAME)";
				SDKROOT = iphoneos;
				SUPPORTED_PLATFORMS = "iphoneos iphonesimulator";
				SWIFT_EMIT_LOC_STRINGS = YES;
				SWIFT_VERSION = 6.0;
				TARGETED_DEVICE_FAMILY = "1,2";
			};
			name = Release;
		};
		AA00000000000000000000B4 /* Debug */ = {
			isa = XCBuildConfiguration;
			buildSettings = {
				BUNDLE_LOADER = "$(TEST_HOST)";
				CODE_SIGN_STYLE = Automatic;
				DEVELOPMENT_TEAM = "";
				GENERATE_INFOPLIST_FILE = YES;
				LD_RUNPATH_SEARCH_PATHS = "$(inherited) @executable_path/Frameworks @loader_path/Frameworks";
				PRODUCT_BUNDLE_IDENTIFIER = com.raelldottin.ClimateClosetTests;
				PRODUCT_NAME = "$(TARGET_NAME)";
				SDKROOT = iphoneos;
				SUPPORTED_PLATFORMS = "iphoneos iphonesimulator";
				SWIFT_VERSION = 6.0;
				TARGETED_DEVICE_FAMILY = "1,2";
				TEST_HOST = "$(BUILT_PRODUCTS_DIR)/ClimateCloset.app/ClimateCloset";
				TEST_TARGET_NAME = ClimateCloset;
			};
			name = Debug;
		};
		AA00000000000000000000B5 /* Release */ = {
			isa = XCBuildConfiguration;
			buildSettings = {
				BUNDLE_LOADER = "$(TEST_HOST)";
				CODE_SIGN_STYLE = Automatic;
				DEVELOPMENT_TEAM = "";
				GENERATE_INFOPLIST_FILE = YES;
				LD_RUNPATH_SEARCH_PATHS = "$(inherited) @executable_path/Frameworks @loader_path/Frameworks";
				PRODUCT_BUNDLE_IDENTIFIER = com.raelldottin.ClimateClosetTests;
				PRODUCT_NAME = "$(TARGET_NAME)";
				SDKROOT = iphoneos;
				SUPPORTED_PLATFORMS = "iphoneos iphonesimulator";
				SWIFT_VERSION = 6.0;
				TARGETED_DEVICE_FAMILY = "1,2";
				TEST_HOST = "$(BUILT_PRODUCTS_DIR)/ClimateCloset.app/ClimateCloset";
				TEST_TARGET_NAME = ClimateCloset;
			};
			name = Release;
		};
		AA00000000000000000000B6 /* Debug */ = {
			isa = XCBuildConfiguration;
			buildSettings = {
				BUNDLE_LOADER = "$(TEST_HOST)";
				CODE_SIGN_STYLE = Automatic;
				DEVELOPMENT_TEAM = "";
				GENERATE_INFOPLIST_FILE = YES;
				LD_RUNPATH_SEARCH_PATHS = "$(inherited) @executable_path/Frameworks @loader_path/Frameworks";
				PRODUCT_BUNDLE_IDENTIFIER = com.raelldottin.ClimateClosetIntegrationTests;
				PRODUCT_NAME = "$(TARGET_NAME)";
				SDKROOT = iphoneos;
				SUPPORTED_PLATFORMS = "iphoneos iphonesimulator";
				SWIFT_VERSION = 6.0;
				TARGETED_DEVICE_FAMILY = "1,2";
				TEST_HOST = "$(BUILT_PRODUCTS_DIR)/ClimateCloset.app/ClimateCloset";
				TEST_TARGET_NAME = ClimateCloset;
			};
			name = Debug;
		};
		AA00000000000000000000B7 /* Release */ = {
			isa = XCBuildConfiguration;
			buildSettings = {
				BUNDLE_LOADER = "$(TEST_HOST)";
				CODE_SIGN_STYLE = Automatic;
				DEVELOPMENT_TEAM = "";
				GENERATE_INFOPLIST_FILE = YES;
				LD_RUNPATH_SEARCH_PATHS = "$(inherited) @executable_path/Frameworks @loader_path/Frameworks";
				PRODUCT_BUNDLE_IDENTIFIER = com.raelldottin.ClimateClosetIntegrationTests;
				PRODUCT_NAME = "$(TARGET_NAME)";
				SDKROOT = iphoneos;
				SUPPORTED_PLATFORMS = "iphoneos iphonesimulator";
				SWIFT_VERSION = 6.0;
				TARGETED_DEVICE_FAMILY = "1,2";
				TEST_HOST = "$(BUILT_PRODUCTS_DIR)/ClimateCloset.app/ClimateCloset";
				TEST_TARGET_NAME = ClimateCloset;
			};
			name = Release;
		};
/* End XCBuildConfiguration section */

/* Begin XCConfigurationList section */
		AA00000000000000000000A0 /* Build configuration list for PBXProject "ClimateCloset" */ = {
			isa = XCConfigurationList;
			buildConfigurations = (
				AA00000000000000000000B0 /* Debug */,
				AA00000000000000000000B1 /* Release */,
			);
			defaultConfigurationIsVisible = 0;
			defaultConfigurationName = Release;
		};
		AA00000000000000000000A1 /* Build configuration list for PBXNativeTarget "ClimateCloset" */ = {
			isa = XCConfigurationList;
			buildConfigurations = (
				AA00000000000000000000B2 /* Debug */,
				AA00000000000000000000B3 /* Release */,
			);
			defaultConfigurationIsVisible = 0;
			defaultConfigurationName = Release;
		};
		AA00000000000000000000A2 /* Build configuration list for PBXNativeTarget "ClimateClosetTests" */ = {
			isa = XCConfigurationList;
			buildConfigurations = (
				AA00000000000000000000B4 /* Debug */,
				AA00000000000000000000B5 /* Release */,
			);
			defaultConfigurationIsVisible = 0;
			defaultConfigurationName = Release;
		};
		AA00000000000000000000A3 /* Build configuration list for PBXNativeTarget "ClimateClosetIntegrationTests" */ = {
			isa = XCConfigurationList;
			buildConfigurations = (
				AA00000000000000000000B6 /* Debug */,
				AA00000000000000000000B7 /* Release */,
			);
			defaultConfigurationIsVisible = 0;
			defaultConfigurationName = Release;
		};
/* End XCConfigurationList section */
	};
	rootObject = AA0000000000000000000090 /* Project object */;
}

